
Microsoft Visual Studio Solution File, Format Version 12.00
# Visual Studio Version 17
VisualStudioVersion = 17.9.34616.47
MinimumVisualStudioVersion = 10.0.40219.1
Project("{FAE04EC0-301F-11D3-BF4B-00C04F79EFBC}") = "BookingSpot", "BookingSpot\BookingSpot.csproj", "{2904E12E-4327-458F-86A4-BBE4B7E7F1B6}"
EndProject
Global
	GlobalSection(SolutionConfigurationPlatforms) = preSolution
		Debug|Any CPU = Debug|Any CPU
		Release|Any CPU = Release|Any CPU
	EndGlobalSection
	GlobalSection(ProjectConfigurationPlatforms) = postSolution
		{2904E12E-4327-458F-86A4-BBE4B7E7F1B6}.Debug|Any CPU.ActiveCfg = Debug|Any CPU
		{2904E12E-4327-458F-86A4-BBE4B7E7F1B6}.Debug|Any CPU.Build.0 = Debug|Any CPU
		{2904E12E-4327-458F-86A4-BBE4B7E7F1B6}.Release|Any CPU.ActiveCfg = Release|Any CPU
		{2904E12E-4327-458F-86A4-BBE4B7E7F1B6}.Release|Any CPU.Build.0 = Release|Any CPU
	EndGlobalSection
	GlobalSection(SolutionProperties) = preSolution
		HideSolutionNode = FALSE
	EndGlobalSection
	GlobalSection(ExtensibilityGlobals) = postSolution
		SolutionGuid = {A2972118-E654-40F2-BB55-17E1FAB0B2E0}
	EndGlobalSection
EndGlobal
